{
  "name": "autowallpaper",
  "version": "1.0.0",
  "lockfileVersion": 1,
  "requires": true,
  "dependencies": {
    "pify": {
      "version": "3.0.0",
      "resolved": "https://registry.npmjs.org/pify/-/pify-3.0.0.tgz",
      "integrity": "sha1-5aSs0sEB/fPZpNB/DbxNtJ3SgXY="
    },
    "wallpaper": {
      "version": "3.0.0",
      "resolved": "https://registry.npmjs.org/wallpaper/-/wallpaper-3.0.0.tgz",
      "integrity": "sha512-v0Oin+O+MJKSRB54ewZEulNxofDROWPOeh/ivjvtLpUI0zsKa9zLbYTcSeLYB+wQCoAYv3hoZpN5PxvcZxDZJw==",
      "requires": {
        "pify": "^3.0.0"
      }
    }
  }
}
